
Microsoft Visual Studio Solution File, Format Version 12.00
# Visual Studio Version 16
VisualStudioVersion = 16.0.30320.27
MinimumVisualStudioVersion = 10.0.40219.1
Project("{FAE04EC0-301F-11D3-BF4B-00C04F79EFBC}") = "API", "API\API.csproj", "{43739D09-FA33-4A17-AFE3-4858F794FBDA}"
EndProject
Project("{FAE04EC0-301F-11D3-BF4B-00C04F79EFBC}") = "Tests", "Tests\Tests.csproj", "{D14CFA20-FE21-4F5A-B621-F29EA3B466EB}"
EndProject
Global
	GlobalSection(SolutionConfigurationPlatforms) = preSolution
		Debug|Any CPU = Debug|Any CPU
		Release|Any CPU = Release|Any CPU
	EndGlobalSection
	GlobalSection(ProjectConfigurationPlatforms) = postSolution
		{43739D09-FA33-4A17-AFE3-4858F794FBDA}.Debug|Any CPU.ActiveCfg = Debug|Any CPU
		{43739D09-FA33-4A17-AFE3-4858F794FBDA}.Debug|Any CPU.Build.0 = Debug|Any CPU
		{43739D09-FA33-4A17-AFE3-4858F794FBDA}.Release|Any CPU.ActiveCfg = Release|Any CPU
		{43739D09-FA33-4A17-AFE3-4858F794FBDA}.Release|Any CPU.Build.0 = Release|Any CPU
		{D14CFA20-FE21-4F5A-B621-F29EA3B466EB}.Debug|Any CPU.ActiveCfg = Debug|Any CPU
		{D14CFA20-FE21-4F5A-B621-F29EA3B466EB}.Debug|Any CPU.Build.0 = Debug|Any CPU
		{D14CFA20-FE21-4F5A-B621-F29EA3B466EB}.Release|Any CPU.ActiveCfg = Release|Any CPU
		{D14CFA20-FE21-4F5A-B621-F29EA3B466EB}.Release|Any CPU.Build.0 = Release|Any CPU
	EndGlobalSection
	GlobalSection(SolutionProperties) = preSolution
		HideSolutionNode = FALSE
	EndGlobalSection
	GlobalSection(ExtensibilityGlobals) = postSolution
		SolutionGuid = {B06F382C-7848-487B-A5FA-96889723ED84}
	EndGlobalSection
EndGlobal
